
Microsoft Visual Studio Solution File, Format Version 12.00
# Visual Studio 15
VisualStudioVersion = 15.0.28010.2050
MinimumVisualStudioVersion = 10.0.40219.1
Project("{FAE04EC0-301F-11D3-BF4B-00C04F79EFBC}") = "WebApplication9", "WebApplication9\WebApplication9.csproj", "{AE6D4E89-08A0-49BC-8674-B70A3DDEEB5D}"
EndProject
Global
	GlobalSection(SolutionConfigurationPlatforms) = preSolution
		Debug|Any CPU = Debug|Any CPU
		Release|Any CPU = Release|Any CPU
	EndGlobalSection
	GlobalSection(ProjectConfigurationPlatforms) = postSolution
		{AE6D4E89-08A0-49BC-8674-B70A3DDEEB5D}.Debug|Any CPU.ActiveCfg = Debug|Any CPU
		{AE6D4E89-08A0-49BC-8674-B70A3DDEEB5D}.Debug|Any CPU.Build.0 = Debug|Any CPU
		{AE6D4E89-08A0-49BC-8674-B70A3DDEEB5D}.Release|Any CPU.ActiveCfg = Release|Any CPU
		{AE6D4E89-08A0-49BC-8674-B70A3DDEEB5D}.Release|Any CPU.Build.0 = Release|Any CPU
	EndGlobalSection
	GlobalSection(SolutionProperties) = preSolution
		HideSolutionNode = FALSE
	EndGlobalSection
	GlobalSection(ExtensibilityGlobals) = postSolution
		SolutionGuid = {163722E0-0E41-430A-AADB-5FB58F8C7E41}
	EndGlobalSection
EndGlobal
